
Microsoft Visual Studio Solution File, Format Version 12.00
# Visual Studio Version 17
VisualStudioVersion = 17.1.32210.238
MinimumVisualStudioVersion = 10.0.40219.1
Project("{FAE04EC0-301F-11D3-BF4B-00C04F79EFBC}") = "poePartOne", "poePartOne\poePartOne.csproj", "{B94655D1-0433-4608-98A8-5932886A1F30}"
EndProject
Global
	GlobalSection(SolutionConfigurationPlatforms) = preSolution
		Debug|Any CPU = Debug|Any CPU
		Release|Any CPU = Release|Any CPU
	EndGlobalSection
	GlobalSection(ProjectConfigurationPlatforms) = postSolution
		{B94655D1-0433-4608-98A8-5932886A1F30}.Debug|Any CPU.ActiveCfg = Debug|Any CPU
		{B94655D1-0433-4608-98A8-5932886A1F30}.Debug|Any CPU.Build.0 = Debug|Any CPU
		{B94655D1-0433-4608-98A8-5932886A1F30}.Release|Any CPU.ActiveCfg = Release|Any CPU
		{B94655D1-0433-4608-98A8-5932886A1F30}.Release|Any CPU.Build.0 = Release|Any CPU
	EndGlobalSection
	GlobalSection(SolutionProperties) = preSolution
		HideSolutionNode = FALSE
	EndGlobalSection
	GlobalSection(ExtensibilityGlobals) = postSolution
		SolutionGuid = {3D92966A-B873-45AC-B5B1-2235169B44F4}
	EndGlobalSection
EndGlobal
